{
  "name": "itineraries-page-tests",
  "lockfileVersion": 3,
  "requires": true,
  "packages": {
    "": {
      "name": "itineraries-page-tests",
      "dependencies": {
        "playwright-core": "^1.55.0"
      }
    },
    "node_modules/playwright-core": {
      "version": "1.55.0",
      "license": "Apache-2.0",
      "bin": {
        "playwright-core": "cli.js"
      },
      "engines": {
        "node": ">=18"
      }
    }
  }
}
